
Microsoft Visual Studio Solution File, Format Version 12.00
# Visual Studio Version 17
VisualStudioVersion = 17.4.33403.182
MinimumVisualStudioVersion = 10.0.40219.1
Project("{9A19103F-16F7-4668-BE54-9A1E7A4F7556}") = "ProgressAdventure", "ProgressAdventure\ProgressAdventure.csproj", "{C72B3D2D-329B-4F22-B3F8-2345F99467F2}"
EndProject
Project("{9A19103F-16F7-4668-BE54-9A1E7A4F7556}") = "PAExtras", "PAExtras\PAExtras.csproj", "{DD98411B-49EB-430E-AA65-AF6A71FED082}"
EndProject
Project("{9A19103F-16F7-4668-BE54-9A1E7A4F7556}") = "ProgressAdventureTests", "ProgressAdventureTests\ProgressAdventureTests.csproj", "{041DB2F9-7A91-4BB7-88BB-23FA76D17D7B}"
EndProject
Project("{FAE04EC0-301F-11D3-BF4B-00C04F79EFBC}") = "PAVisualizer", "PAVisualizer\PAVisualizer.csproj", "{3B03F656-52AB-4205-9605-A888D04EEEF1}"
EndProject
Global
	GlobalSection(SolutionConfigurationPlatforms) = preSolution
		Debug|Any CPU = Debug|Any CPU
		Release|Any CPU = Release|Any CPU
	EndGlobalSection
	GlobalSection(ProjectConfigurationPlatforms) = postSolution
		{C72B3D2D-329B-4F22-B3F8-2345F99467F2}.Debug|Any CPU.ActiveCfg = Debug|Any CPU
		{C72B3D2D-329B-4F22-B3F8-2345F99467F2}.Debug|Any CPU.Build.0 = Debug|Any CPU
		{C72B3D2D-329B-4F22-B3F8-2345F99467F2}.Release|Any CPU.ActiveCfg = Release|Any CPU
		{C72B3D2D-329B-4F22-B3F8-2345F99467F2}.Release|Any CPU.Build.0 = Release|Any CPU
		{DD98411B-49EB-430E-AA65-AF6A71FED082}.Debug|Any CPU.ActiveCfg = Debug|Any CPU
		{DD98411B-49EB-430E-AA65-AF6A71FED082}.Debug|Any CPU.Build.0 = Debug|Any CPU
		{DD98411B-49EB-430E-AA65-AF6A71FED082}.Release|Any CPU.ActiveCfg = Release|Any CPU
		{DD98411B-49EB-430E-AA65-AF6A71FED082}.Release|Any CPU.Build.0 = Release|Any CPU
		{041DB2F9-7A91-4BB7-88BB-23FA76D17D7B}.Debug|Any CPU.ActiveCfg = Debug|Any CPU
		{041DB2F9-7A91-4BB7-88BB-23FA76D17D7B}.Debug|Any CPU.Build.0 = Debug|Any CPU
		{041DB2F9-7A91-4BB7-88BB-23FA76D17D7B}.Release|Any CPU.ActiveCfg = Release|Any CPU
		{041DB2F9-7A91-4BB7-88BB-23FA76D17D7B}.Release|Any CPU.Build.0 = Release|Any CPU
		{3B03F656-52AB-4205-9605-A888D04EEEF1}.Debug|Any CPU.ActiveCfg = Debug|Any CPU
		{3B03F656-52AB-4205-9605-A888D04EEEF1}.Debug|Any CPU.Build.0 = Debug|Any CPU
		{3B03F656-52AB-4205-9605-A888D04EEEF1}.Release|Any CPU.ActiveCfg = Release|Any CPU
		{3B03F656-52AB-4205-9605-A888D04EEEF1}.Release|Any CPU.Build.0 = Release|Any CPU
	EndGlobalSection
	GlobalSection(SolutionProperties) = preSolution
		HideSolutionNode = FALSE
	EndGlobalSection
	GlobalSection(ExtensibilityGlobals) = postSolution
		SolutionGuid = {B9484F2C-83AB-41F0-B480-32489C494C23}
	EndGlobalSection
EndGlobal
